
Microsoft Visual Studio Solution File, Format Version 12.00
# Visual Studio Version 16
VisualStudioVersion = 16.0.30011.22
MinimumVisualStudioVersion = 10.0.40219.1
Project("{FAE04EC0-301F-11D3-BF4B-00C04F79EFBC}") = "Aufgabe12_ServiceLibrary", "Aufgabe12_ServiceLibrary\Aufgabe12_ServiceLibrary.csproj", "{2B76B44F-115F-42EF-8A64-B3836D48B97D}"
EndProject
Project("{FAE04EC0-301F-11D3-BF4B-00C04F79EFBC}") = "Aufgabe12_Client", "Aufgabe12_Client\Aufgabe12_Client.csproj", "{56FE5D16-DAD6-48F3-BFDC-7354EFBD8712}"
	ProjectSection(ProjectDependencies) = postProject
		{2B76B44F-115F-42EF-8A64-B3836D48B97D} = {2B76B44F-115F-42EF-8A64-B3836D48B97D}
	EndProjectSection
EndProject
Global
	GlobalSection(SolutionConfigurationPlatforms) = preSolution
		Debug|Any CPU = Debug|Any CPU
		Release|Any CPU = Release|Any CPU
	EndGlobalSection
	GlobalSection(ProjectConfigurationPlatforms) = postSolution
		{2B76B44F-115F-42EF-8A64-B3836D48B97D}.Debug|Any CPU.ActiveCfg = Debug|Any CPU
		{2B76B44F-115F-42EF-8A64-B3836D48B97D}.Debug|Any CPU.Build.0 = Debug|Any CPU
		{2B76B44F-115F-42EF-8A64-B3836D48B97D}.Release|Any CPU.ActiveCfg = Release|Any CPU
		{2B76B44F-115F-42EF-8A64-B3836D48B97D}.Release|Any CPU.Build.0 = Release|Any CPU
		{56FE5D16-DAD6-48F3-BFDC-7354EFBD8712}.Debug|Any CPU.ActiveCfg = Debug|Any CPU
		{56FE5D16-DAD6-48F3-BFDC-7354EFBD8712}.Debug|Any CPU.Build.0 = Debug|Any CPU
		{56FE5D16-DAD6-48F3-BFDC-7354EFBD8712}.Release|Any CPU.ActiveCfg = Release|Any CPU
		{56FE5D16-DAD6-48F3-BFDC-7354EFBD8712}.Release|Any CPU.Build.0 = Release|Any CPU
	EndGlobalSection
	GlobalSection(SolutionProperties) = preSolution
		HideSolutionNode = FALSE
	EndGlobalSection
	GlobalSection(ExtensibilityGlobals) = postSolution
		SolutionGuid = {6B11CC61-67E6-43FC-B43F-99DA81DC44AC}
	EndGlobalSection
EndGlobal
