
Microsoft Visual Studio Solution File, Format Version 12.00
# Visual Studio Version 16
VisualStudioVersion = 16.0.30128.74
MinimumVisualStudioVersion = 10.0.40219.1
Project("{FAE04EC0-301F-11D3-BF4B-00C04F79EFBC}") = "Server", "Server\Server.csproj", "{A0CBD1BB-3840-4C43-AA5D-40681425322E}"
EndProject
Project("{FAE04EC0-301F-11D3-BF4B-00C04F79EFBC}") = "Client", "Client\Client.csproj", "{76BBFA1A-6648-42FC-9E58-3DBA7914C54C}"
	ProjectSection(ProjectDependencies) = postProject
		{A0CBD1BB-3840-4C43-AA5D-40681425322E} = {A0CBD1BB-3840-4C43-AA5D-40681425322E}
	EndProjectSection
EndProject
Project("{FAE04EC0-301F-11D3-BF4B-00C04F79EFBC}") = "Host", "Host\Host.csproj", "{E09A9F0D-037F-4EA9-8408-1F703808CC6B}"
EndProject
Project("{FAE04EC0-301F-11D3-BF4B-00C04F79EFBC}") = "Server.Tests", "Server.Tests\Server.Tests.csproj", "{B2014F8B-F11A-4FB7-84F2-ECD04A27C997}"
EndProject
Global
	GlobalSection(SolutionConfigurationPlatforms) = preSolution
		Debug|Any CPU = Debug|Any CPU
		Release|Any CPU = Release|Any CPU
	EndGlobalSection
	GlobalSection(ProjectConfigurationPlatforms) = postSolution
		{A0CBD1BB-3840-4C43-AA5D-40681425322E}.Debug|Any CPU.ActiveCfg = Debug|Any CPU
		{A0CBD1BB-3840-4C43-AA5D-40681425322E}.Debug|Any CPU.Build.0 = Debug|Any CPU
		{A0CBD1BB-3840-4C43-AA5D-40681425322E}.Release|Any CPU.ActiveCfg = Release|Any CPU
		{A0CBD1BB-3840-4C43-AA5D-40681425322E}.Release|Any CPU.Build.0 = Release|Any CPU
		{76BBFA1A-6648-42FC-9E58-3DBA7914C54C}.Debug|Any CPU.ActiveCfg = Debug|Any CPU
		{76BBFA1A-6648-42FC-9E58-3DBA7914C54C}.Debug|Any CPU.Build.0 = Debug|Any CPU
		{76BBFA1A-6648-42FC-9E58-3DBA7914C54C}.Release|Any CPU.ActiveCfg = Release|Any CPU
		{76BBFA1A-6648-42FC-9E58-3DBA7914C54C}.Release|Any CPU.Build.0 = Release|Any CPU
		{E09A9F0D-037F-4EA9-8408-1F703808CC6B}.Debug|Any CPU.ActiveCfg = Debug|Any CPU
		{E09A9F0D-037F-4EA9-8408-1F703808CC6B}.Debug|Any CPU.Build.0 = Debug|Any CPU
		{E09A9F0D-037F-4EA9-8408-1F703808CC6B}.Release|Any CPU.ActiveCfg = Release|Any CPU
		{E09A9F0D-037F-4EA9-8408-1F703808CC6B}.Release|Any CPU.Build.0 = Release|Any CPU
		{B2014F8B-F11A-4FB7-84F2-ECD04A27C997}.Debug|Any CPU.ActiveCfg = Debug|Any CPU
		{B2014F8B-F11A-4FB7-84F2-ECD04A27C997}.Debug|Any CPU.Build.0 = Debug|Any CPU
		{B2014F8B-F11A-4FB7-84F2-ECD04A27C997}.Release|Any CPU.ActiveCfg = Release|Any CPU
		{B2014F8B-F11A-4FB7-84F2-ECD04A27C997}.Release|Any CPU.Build.0 = Release|Any CPU
	EndGlobalSection
	GlobalSection(SolutionProperties) = preSolution
		HideSolutionNode = FALSE
	EndGlobalSection
	GlobalSection(ExtensibilityGlobals) = postSolution
		SolutionGuid = {32941045-2033-4CC0-8B27-9C58EAA9323E}
	EndGlobalSection
EndGlobal
