
Microsoft Visual Studio Solution File, Format Version 12.00
# Visual Studio Version 16
VisualStudioVersion = 16.0.30011.22
MinimumVisualStudioVersion = 10.0.40219.1
Project("{FAE04EC0-301F-11D3-BF4B-00C04F79EFBC}") = "Aufgabe13", "Aufgabe13\Aufgabe13.csproj", "{6AE99803-E736-4D70-A0C3-C9CB5BA861DF}"
EndProject
Project("{FAE04EC0-301F-11D3-BF4B-00C04F79EFBC}") = "Aufgabe14", "Aufgabe14\Aufgabe14.csproj", "{25A608BB-B084-4688-AF2E-47ACC611C53B}"
EndProject
Global
	GlobalSection(SolutionConfigurationPlatforms) = preSolution
		Debug|Any CPU = Debug|Any CPU
		Release|Any CPU = Release|Any CPU
	EndGlobalSection
	GlobalSection(ProjectConfigurationPlatforms) = postSolution
		{6AE99803-E736-4D70-A0C3-C9CB5BA861DF}.Debug|Any CPU.ActiveCfg = Debug|Any CPU
		{6AE99803-E736-4D70-A0C3-C9CB5BA861DF}.Debug|Any CPU.Build.0 = Debug|Any CPU
		{6AE99803-E736-4D70-A0C3-C9CB5BA861DF}.Release|Any CPU.ActiveCfg = Release|Any CPU
		{6AE99803-E736-4D70-A0C3-C9CB5BA861DF}.Release|Any CPU.Build.0 = Release|Any CPU
		{25A608BB-B084-4688-AF2E-47ACC611C53B}.Debug|Any CPU.ActiveCfg = Debug|Any CPU
		{25A608BB-B084-4688-AF2E-47ACC611C53B}.Debug|Any CPU.Build.0 = Debug|Any CPU
		{25A608BB-B084-4688-AF2E-47ACC611C53B}.Release|Any CPU.ActiveCfg = Release|Any CPU
		{25A608BB-B084-4688-AF2E-47ACC611C53B}.Release|Any CPU.Build.0 = Release|Any CPU
	EndGlobalSection
	GlobalSection(SolutionProperties) = preSolution
		HideSolutionNode = FALSE
	EndGlobalSection
	GlobalSection(ExtensibilityGlobals) = postSolution
		SolutionGuid = {7AE33933-306D-4852-9E23-53BB358825B8}
	EndGlobalSection
EndGlobal
